
Microsoft Visual Studio Solution File, Format Version 12.00
# Visual Studio Version 17
VisualStudioVersion = 17.6.33815.320
MinimumVisualStudioVersion = 10.0.40219.1
Project("{FAE04EC0-301F-11D3-BF4B-00C04F79EFBC}") = "WpfApp1", "WpfApp1.csproj", "{A0FAFAA3-1E29-4F28-B1AA-E2E05D7FCB75}"
EndProject
Global
	GlobalSection(SolutionConfigurationPlatforms) = preSolution
		Debug|Any CPU = Debug|Any CPU
		Release|Any CPU = Release|Any CPU
	EndGlobalSection
	GlobalSection(ProjectConfigurationPlatforms) = postSolution
		{A0FAFAA3-1E29-4F28-B1AA-E2E05D7FCB75}.Debug|Any CPU.ActiveCfg = Debug|Any CPU
		{A0FAFAA3-1E29-4F28-B1AA-E2E05D7FCB75}.Debug|Any CPU.Build.0 = Debug|Any CPU
		{A0FAFAA3-1E29-4F28-B1AA-E2E05D7FCB75}.Release|Any CPU.ActiveCfg = Release|Any CPU
		{A0FAFAA3-1E29-4F28-B1AA-E2E05D7FCB75}.Release|Any CPU.Build.0 = Release|Any CPU
	EndGlobalSection
	GlobalSection(SolutionProperties) = preSolution
		HideSolutionNode = FALSE
	EndGlobalSection
	GlobalSection(ExtensibilityGlobals) = postSolution
		SolutionGuid = {D809900C-10BF-4A8A-85A5-FA9A6BBD3FD0}
	EndGlobalSection
EndGlobal
